// !$*UTF8*$!
{
	archiveVersion = 1;
	classes = {
	};
	objectVersion = 46;
	objects = {

/* Begin PBXBuildFile section */
		A518F82D1BE3F5BA001B9838 /* RevSTEMexample.ser in CopyFiles */ = {isa = PBXBuildFile; fileRef = A518F82B1BE3F538001B9838 /* RevSTEMexample.ser */; };
		A518F82E1BE3F5BA001B9838 /* imageSize.ser in CopyFiles */ = {isa = PBXBuildFile; fileRef = A518F82C1BE3F5AE001B9838 /* imageSize.ser */; };
		A518F8331BE40A3E001B9838 /* UtilityFunctions.m in Sources */ = {isa = PBXBuildFile; fileRef = A518F8321BE40A3E001B9838 /* UtilityFunctions.m */; };
		A52AA76A1BE9454100D95642 /* 71_1.ser in CopyFiles */ = {isa = PBXBuildFile; fileRef = A52AA7691BE9452300D95642 /* 71_1.ser */; };
		A52AA76C1BE96A0800D95642 /* reference_roi2_7M_1.ser in CopyFiles */ = {isa = PBXBuildFile; fileRef = A52AA76B1BE969DF00D95642 /* reference_roi2_7M_1.ser */; };
		A5310DE61BE3AB5D00EFD56E /* GenerateThumbnailForURL.m in Sources */ = {isa = PBXBuildFile; fileRef = A5310DE51BE3AB5D00EFD56E /* GenerateThumbnailForURL.m */; };
		A5310DE81BE3AB5D00EFD56E /* GeneratePreviewForURL.m in Sources */ = {isa = PBXBuildFile; fileRef = A5310DE71BE3AB5D00EFD56E /* GeneratePreviewForURL.m */; };
		A5310DEA1BE3AB5D00EFD56E /* main.c in Sources */ = {isa = PBXBuildFile; fileRef = A5310DE91BE3AB5D00EFD56E /* main.c */; };
		A5310DF21BE3AFDD00EFD56E /* Cocoa.framework in Frameworks */ = {isa = PBXBuildFile; fileRef = A5310DF11BE3AFDD00EFD56E /* Cocoa.framework */; };
		A5310DF51BE3B72900EFD56E /* FEI Ser Quicklook.qlgenerator in CopyFiles */ = {isa = PBXBuildFile; fileRef = A5310DE21BE3AB5D00EFD56E /* FEI Ser Quicklook.qlgenerator */; settings = {ATTRIBUTES = (CodeSignOnCopy, ); }; };
		A5310DFB1BE3B7E200EFD56E /* dummy.ser in CopyFiles */ = {isa = PBXBuildFile; fileRef = A5310DF91BE3B7DC00EFD56E /* dummy.ser */; };
		A5310DFD1BE3B82A00EFD56E /* qlmanage in Resources */ = {isa = PBXBuildFile; fileRef = A5310DFC1BE3B82A00EFD56E /* qlmanage */; };
		A5310DFE1BE3B84200EFD56E /* qlmanage in CopyFiles */ = {isa = PBXBuildFile; fileRef = A5310DFC1BE3B82A00EFD56E /* qlmanage */; };
/* End PBXBuildFile section */

/* Begin PBXCopyFilesBuildPhase section */
		A5310DF41BE3B70C00EFD56E /* CopyFiles */ = {
			isa = PBXCopyFilesBuildPhase;
			buildActionMask = 2147483647;
			dstPath = "~/Library/QuickLook";
			dstSubfolderSpec = 0;
			files = (
				A5310DF51BE3B72900EFD56E /* FEI Ser Quicklook.qlgenerator in CopyFiles */,
			);
			runOnlyForDeploymentPostprocessing = 0;
		};
		A5310DF61BE3B7C900EFD56E /* CopyFiles */ = {
			isa = PBXCopyFilesBuildPhase;
			buildActionMask = 2147483647;
			dstPath = "";
			dstSubfolderSpec = 16;
			files = (
				A5310DFE1BE3B84200EFD56E /* qlmanage in CopyFiles */,
				A518F82D1BE3F5BA001B9838 /* RevSTEMexample.ser in CopyFiles */,
				A52AA76A1BE9454100D95642 /* 71_1.ser in CopyFiles */,
				A518F82E1BE3F5BA001B9838 /* imageSize.ser in CopyFiles */,
				A5310DFB1BE3B7E200EFD56E /* dummy.ser in CopyFiles */,
				A52AA76C1BE96A0800D95642 /* reference_roi2_7M_1.ser in CopyFiles */,
			);
			runOnlyForDeploymentPostprocessing = 0;
		};
/* End PBXCopyFilesBuildPhase section */

/* Begin PBXFileReference section */
		A518F82A1BE3C105001B9838 /* serReader.m */ = {isa = PBXFileReference; lastKnownFileType = sourcecode.c.objc; path = serReader.m; sourceTree = "<group>"; };
		A518F82B1BE3F538001B9838 /* RevSTEMexample.ser */ = {isa = PBXFileReference; lastKnownFileType = file; path = RevSTEMexample.ser; sourceTree = "<group>"; };
		A518F82C1BE3F5AE001B9838 /* imageSize.ser */ = {isa = PBXFileReference; lastKnownFileType = file; path = imageSize.ser; sourceTree = "<group>"; };
		A518F8321BE40A3E001B9838 /* UtilityFunctions.m */ = {isa = PBXFileReference; fileEncoding = 4; lastKnownFileType = sourcecode.c.objc; path = UtilityFunctions.m; sourceTree = "<group>"; };
		A518F8341BE40D0E001B9838 /* UtilityFunctions.h */ = {isa = PBXFileReference; fileEncoding = 4; lastKnownFileType = sourcecode.c.h; path = UtilityFunctions.h; sourceTree = "<group>"; };
		A52AA7691BE9452300D95642 /* 71_1.ser */ = {isa = PBXFileReference; lastKnownFileType = file; path = 71_1.ser; sourceTree = "<group>"; };
		A52AA76B1BE969DF00D95642 /* reference_roi2_7M_1.ser */ = {isa = PBXFileReference; lastKnownFileType = file; path = reference_roi2_7M_1.ser; sourceTree = "<group>"; };
		A5310DE21BE3AB5D00EFD56E /* FEI Ser Quicklook.qlgenerator */ = {isa = PBXFileReference; explicitFileType = wrapper.cfbundle; includeInIndex = 0; path = "FEI Ser Quicklook.qlgenerator"; sourceTree = BUILT_PRODUCTS_DIR; };
		A5310DE51BE3AB5D00EFD56E /* GenerateThumbnailForURL.m */ = {isa = PBXFileReference; lastKnownFileType = sourcecode.c.objc; path = GenerateThumbnailForURL.m; sourceTree = "<group>"; };
		A5310DE71BE3AB5D00EFD56E /* GeneratePreviewForURL.m */ = {isa = PBXFileReference; lastKnownFileType = sourcecode.c.objc; path = GeneratePreviewForURL.m; sourceTree = "<group>"; };
		A5310DE91BE3AB5D00EFD56E /* main.c */ = {isa = PBXFileReference; lastKnownFileType = sourcecode.c.c; path = main.c; sourceTree = "<group>"; };
		A5310DEB1BE3AB5D00EFD56E /* Info.plist */ = {isa = PBXFileReference; lastKnownFileType = text.plist.xml; path = Info.plist; sourceTree = "<group>"; };
		A5310DF11BE3AFDD00EFD56E /* Cocoa.framework */ = {isa = PBXFileReference; lastKnownFileType = wrapper.framework; name = Cocoa.framework; path = System/Library/Frameworks/Cocoa.framework; sourceTree = SDKROOT; };
		A5310DF91BE3B7DC00EFD56E /* dummy.ser */ = {isa = PBXFileReference; lastKnownFileType = file; path = dummy.ser; sourceTree = "<group>"; };
		A5310DFC1BE3B82A00EFD56E /* qlmanage */ = {isa = PBXFileReference; lastKnownFileType = "compiled.mach-o.executable"; path = qlmanage; sourceTree = "<group>"; };
/* End PBXFileReference section */

/* Begin PBXFrameworksBuildPhase section */
		A5310DDE1BE3AB5D00EFD56E /* Frameworks */ = {
			isa = PBXFrameworksBuildPhase;
			buildActionMask = 2147483647;
			files = (
				A5310DF21BE3AFDD00EFD56E /* Cocoa.framework in Frameworks */,
			);
			runOnlyForDeploymentPostprocessing = 0;
		};
/* End PBXFrameworksBuildPhase section */

/* Begin PBXGroup section */
		A5310DD81BE3AB5D00EFD56E = {
			isa = PBXGroup;
			children = (
				A5310DFC1BE3B82A00EFD56E /* qlmanage */,
				A518F82B1BE3F538001B9838 /* RevSTEMexample.ser */,
				A518F82C1BE3F5AE001B9838 /* imageSize.ser */,
				A52AA7691BE9452300D95642 /* 71_1.ser */,
				A5310DF91BE3B7DC00EFD56E /* dummy.ser */,
				A518F82A1BE3C105001B9838 /* serReader.m */,
				A5310DF11BE3AFDD00EFD56E /* Cocoa.framework */,
				A5310DE41BE3AB5D00EFD56E /* FEI Ser Quicklook */,
				A5310DE31BE3AB5D00EFD56E /* Products */,
				A52AA76B1BE969DF00D95642 /* reference_roi2_7M_1.ser */,
			);
			sourceTree = "<group>";
		};
		A5310DE31BE3AB5D00EFD56E /* Products */ = {
			isa = PBXGroup;
			children = (
				A5310DE21BE3AB5D00EFD56E /* FEI Ser Quicklook.qlgenerator */,
			);
			name = Products;
			sourceTree = "<group>";
		};
		A5310DE41BE3AB5D00EFD56E /* FEI Ser Quicklook */ = {
			isa = PBXGroup;
			children = (
				A518F8321BE40A3E001B9838 /* UtilityFunctions.m */,
				A518F8341BE40D0E001B9838 /* UtilityFunctions.h */,
				A5310DE51BE3AB5D00EFD56E /* GenerateThumbnailForURL.m */,
				A5310DE71BE3AB5D00EFD56E /* GeneratePreviewForURL.m */,
				A5310DE91BE3AB5D00EFD56E /* main.c */,
				A5310DEB1BE3AB5D00EFD56E /* Info.plist */,
			);
			path = "FEI Ser Quicklook";
			sourceTree = "<group>";
		};
/* End PBXGroup section */

/* Begin PBXHeadersBuildPhase section */
		A5310DDF1BE3AB5D00EFD56E /* Headers */ = {
			isa = PBXHeadersBuildPhase;
			buildActionMask = 2147483647;
			files = (
			);
			runOnlyForDeploymentPostprocessing = 0;
		};
/* End PBXHeadersBuildPhase section */

/* Begin PBXNativeTarget section */
		A5310DE11BE3AB5D00EFD56E /* FEI Ser Quicklook */ = {
			isa = PBXNativeTarget;
			buildConfigurationList = A5310DEE1BE3AB5D00EFD56E /* Build configuration list for PBXNativeTarget "FEI Ser Quicklook" */;
			buildPhases = (
				A5310DDD1BE3AB5D00EFD56E /* Sources */,
				A5310DDE1BE3AB5D00EFD56E /* Frameworks */,
				A5310DDF1BE3AB5D00EFD56E /* Headers */,
				A5310DE01BE3AB5D00EFD56E /* Resources */,
				A5310DF41BE3B70C00EFD56E /* CopyFiles */,
				A5310DF61BE3B7C900EFD56E /* CopyFiles */,
				A5FA69F01BEA5121000023F3 /* ShellScript */,
				A5FA69F11BEA54EF000023F3 /* ShellScript */,
			);
			buildRules = (
			);
			dependencies = (
			);
			name = "FEI Ser Quicklook";
			productName = "FEI Ser Quicklook";
			productReference = A5310DE21BE3AB5D00EFD56E /* FEI Ser Quicklook.qlgenerator */;
			productType = "com.apple.product-type.bundle";
		};
/* End PBXNativeTarget section */

/* Begin PBXProject section */
		A5310DD91BE3AB5D00EFD56E /* Project object */ = {
			isa = PBXProject;
			attributes = {
				LastUpgradeCheck = 0710;
				ORGANIZATIONNAME = Subangstrom;
				TargetAttributes = {
					A5310DE11BE3AB5D00EFD56E = {
						CreatedOnToolsVersion = 7.1;
					};
				};
			};
			buildConfigurationList = A5310DDC1BE3AB5D00EFD56E /* Build configuration list for PBXProject "FEI Ser Quicklook" */;
			compatibilityVersion = "Xcode 3.2";
			developmentRegion = English;
			hasScannedForEncodings = 0;
			knownRegions = (
				en,
			);
			mainGroup = A5310DD81BE3AB5D00EFD56E;
			productRefGroup = A5310DE31BE3AB5D00EFD56E /* Products */;
			projectDirPath = "";
			projectRoot = "";
			targets = (
				A5310DE11BE3AB5D00EFD56E /* FEI Ser Quicklook */,
			);
		};
/* End PBXProject section */

/* Begin PBXResourcesBuildPhase section */
		A5310DE01BE3AB5D00EFD56E /* Resources */ = {
			isa = PBXResourcesBuildPhase;
			buildActionMask = 2147483647;
			files = (
				A5310DFD1BE3B82A00EFD56E /* qlmanage in Resources */,
			);
			runOnlyForDeploymentPostprocessing = 0;
		};
/* End PBXResourcesBuildPhase section */

/* Begin PBXShellScriptBuildPhase section */
		A5FA69F01BEA5121000023F3 /* ShellScript */ = {
			isa = PBXShellScriptBuildPhase;
			buildActionMask = 2147483647;
			files = (
			);
			inputPaths = (
			);
			outputPaths = (
			);
			runOnlyForDeploymentPostprocessing = 0;
			shellPath = /bin/sh;
			shellScript = "#!/bin/bash\nbN=$(/usr/libexec/PlistBuddy -c \"Print CFBundleVersion\" \"$INFOPLIST_FILE\")\nbN=$((0x$bN))\nbN=$(($bN + 1))\nbN=$(printf \"%X\" $bN)\n/usr/libexec/PlistBuddy -c \"Set :CFBundleVersion $bN\" \"$INFOPLIST_FILE\"\n";
		};
		A5FA69F11BEA54EF000023F3 /* ShellScript */ = {
			isa = PBXShellScriptBuildPhase;
			buildActionMask = 2147483647;
			files = (
			);
			inputPaths = (
			);
			outputPaths = (
			);
			runOnlyForDeploymentPostprocessing = 0;
			shellPath = /bin/sh;
			shellScript = "#!/bin/bash\n\n\nif [ \"$CONFIGURATION\" = \"Release\" ]\nthen\n\nbN=$(/usr/libexec/PlistBuddy -c \"Print CFBundleVersion\" \"$INFOPLIST_FILE\")\n\n\ncd \"$BUILT_PRODUCTS_DIR\" || exit 1\n\nrm -rf Archive\nmkdir Archive\nshortName=\"${EXECUTABLE_NAME// /}\"\n\noutputName=\"${shortName}_$bN.zip\"\n\n# Zip the file\nzip -r \"./Archive/$outputName\" \"$FULL_PRODUCT_NAME\"\n\n# Tell us what happened\n#echo \"Built distribution zip file: $BUILT_PRODUCTS_DIR/$EXECUTABLE_NAME.zip\"\n\ncp \"./Archive/$outputName\" \"$PROJECT_DIR/Releases/$outputName\"\n\ncd $PROJECT_DIR || exit 1\n\n\noldName=\"$(awk '/FEISerQuicklook_/{print $NF}' README.md |  sed 's/.\\{11\\}$//g' | sed 's/^.\\{16\\}//g')\"\n\nsed -i -e \"s/$oldName/$outputName/g\" README.md\n\nrm README.MD-e\n\n\nfi\n\n\n";
		};
/* End PBXShellScriptBuildPhase section */

/* Begin PBXSourcesBuildPhase section */
		A5310DDD1BE3AB5D00EFD56E /* Sources */ = {
			isa = PBXSourcesBuildPhase;
			buildActionMask = 2147483647;
			files = (
				A5310DE61BE3AB5D00EFD56E /* GenerateThumbnailForURL.m in Sources */,
				A5310DE81BE3AB5D00EFD56E /* GeneratePreviewForURL.m in Sources */,
				A518F8331BE40A3E001B9838 /* UtilityFunctions.m in Sources */,
				A5310DEA1BE3AB5D00EFD56E /* main.c in Sources */,
			);
			runOnlyForDeploymentPostprocessing = 0;
		};
/* End PBXSourcesBuildPhase section */

/* Begin XCBuildConfiguration section */
		A5310DEC1BE3AB5D00EFD56E /* Debug */ = {
			isa = XCBuildConfiguration;
			buildSettings = {
				ALWAYS_SEARCH_USER_PATHS = NO;
				CLANG_CXX_LANGUAGE_STANDARD = "gnu++0x";
				CLANG_CXX_LIBRARY = "libc++";
				CLANG_ENABLE_MODULES = YES;
				CLANG_ENABLE_OBJC_ARC = NO;
				CLANG_WARN_BOOL_CONVERSION = YES;
				CLANG_WARN_CONSTANT_CONVERSION = YES;
				CLANG_WARN_DIRECT_OBJC_ISA_USAGE = YES_ERROR;
				CLANG_WARN_EMPTY_BODY = YES;
				CLANG_WARN_ENUM_CONVERSION = YES;
				CLANG_WARN_INT_CONVERSION = YES;
				CLANG_WARN_OBJC_ROOT_CLASS = YES_ERROR;
				CLANG_WARN_UNREACHABLE_CODE = YES;
				CLANG_WARN__DUPLICATE_METHOD_MATCH = YES;
				CODE_SIGN_IDENTITY = "-";
				COPY_PHASE_STRIP = NO;
				DEBUG_INFORMATION_FORMAT = dwarf;
				ENABLE_STRICT_OBJC_MSGSEND = YES;
				ENABLE_TESTABILITY = YES;
				GCC_C_LANGUAGE_STANDARD = gnu99;
				GCC_DYNAMIC_NO_PIC = NO;
				GCC_NO_COMMON_BLOCKS = YES;
				GCC_OPTIMIZATION_LEVEL = 0;
				GCC_PREPROCESSOR_DEFINITIONS = (
					"DEBUG=1",
					"$(inherited)",
				);
				GCC_WARN_64_TO_32_BIT_CONVERSION = YES;
				GCC_WARN_ABOUT_RETURN_TYPE = YES_ERROR;
				GCC_WARN_UNDECLARED_SELECTOR = YES;
				GCC_WARN_UNINITIALIZED_AUTOS = YES_AGGRESSIVE;
				GCC_WARN_UNUSED_FUNCTION = YES;
				GCC_WARN_UNUSED_VARIABLE = YES;
				MACOSX_DEPLOYMENT_TARGET = 10.11;
				MTL_ENABLE_DEBUG_INFO = YES;
				ONLY_ACTIVE_ARCH = YES;
				SDKROOT = macosx;
			};
			name = Debug;
		};
		A5310DED1BE3AB5D00EFD56E /* Release */ = {
			isa = XCBuildConfiguration;
			buildSettings = {
				ALWAYS_SEARCH_USER_PATHS = NO;
				CLANG_CXX_LANGUAGE_STANDARD = "gnu++0x";
				CLANG_CXX_LIBRARY = "libc++";
				CLANG_ENABLE_MODULES = YES;
				CLANG_ENABLE_OBJC_ARC = NO;
				CLANG_WARN_BOOL_CONVERSION = YES;
				CLANG_WARN_CONSTANT_CONVERSION = YES;
				CLANG_WARN_DIRECT_OBJC_ISA_USAGE = YES_ERROR;
				CLANG_WARN_EMPTY_BODY = YES;
				CLANG_WARN_ENUM_CONVERSION = YES;
				CLANG_WARN_INT_CONVERSION = YES;
				CLANG_WARN_OBJC_ROOT_CLASS = YES_ERROR;
				CLANG_WARN_UNREACHABLE_CODE = YES;
				CLANG_WARN__DUPLICATE_METHOD_MATCH = YES;
				CODE_SIGN_IDENTITY = "-";
				COPY_PHASE_STRIP = NO;
				DEBUG_INFORMATION_FORMAT = "dwarf-with-dsym";
				ENABLE_NS_ASSERTIONS = NO;
				ENABLE_STRICT_OBJC_MSGSEND = YES;
				GCC_C_LANGUAGE_STANDARD = gnu99;
				GCC_NO_COMMON_BLOCKS = YES;
				GCC_WARN_64_TO_32_BIT_CONVERSION = YES;
				GCC_WARN_ABOUT_RETURN_TYPE = YES_ERROR;
				GCC_WARN_UNDECLARED_SELECTOR = YES;
				GCC_WARN_UNINITIALIZED_AUTOS = YES_AGGRESSIVE;
				GCC_WARN_UNUSED_FUNCTION = YES;
				GCC_WARN_UNUSED_VARIABLE = YES;
				MACOSX_DEPLOYMENT_TARGET = 10.11;
				MTL_ENABLE_DEBUG_INFO = NO;
				SDKROOT = macosx;
			};
			name = Release;
		};
		A5310DEF1BE3AB5D00EFD56E /* Debug */ = {
			isa = XCBuildConfiguration;
			buildSettings = {
				COMBINE_HIDPI_IMAGES = YES;
				INFOPLIST_FILE = "FEI Ser Quicklook/Info.plist";
				INSTALL_PATH = /Library/QuickLook;
				PRODUCT_BUNDLE_IDENTIFIER = "com.subangstrom.FEI-Ser-Quicklook";
				PRODUCT_NAME = "$(TARGET_NAME)";
				WRAPPER_EXTENSION = qlgenerator;
			};
			name = Debug;
		};
		A5310DF01BE3AB5D00EFD56E /* Release */ = {
			isa = XCBuildConfiguration;
			buildSettings = {
				COMBINE_HIDPI_IMAGES = YES;
				INFOPLIST_FILE = "FEI Ser Quicklook/Info.plist";
				INSTALL_PATH = /Library/QuickLook;
				PRODUCT_BUNDLE_IDENTIFIER = "com.subangstrom.FEI-Ser-Quicklook";
				PRODUCT_NAME = "$(TARGET_NAME)";
				WRAPPER_EXTENSION = qlgenerator;
			};
			name = Release;
		};
/* End XCBuildConfiguration section */

/* Begin XCConfigurationList section */
		A5310DDC1BE3AB5D00EFD56E /* Build configuration list for PBXProject "FEI Ser Quicklook" */ = {
			isa = XCConfigurationList;
			buildConfigurations = (
				A5310DEC1BE3AB5D00EFD56E /* Debug */,
				A5310DED1BE3AB5D00EFD56E /* Release */,
			);
			defaultConfigurationIsVisible = 0;
			defaultConfigurationName = Release;
		};
		A5310DEE1BE3AB5D00EFD56E /* Build configuration list for PBXNativeTarget "FEI Ser Quicklook" */ = {
			isa = XCConfigurationList;
			buildConfigurations = (
				A5310DEF1BE3AB5D00EFD56E /* Debug */,
				A5310DF01BE3AB5D00EFD56E /* Release */,
			);
			defaultConfigurationIsVisible = 0;
			defaultConfigurationName = Release;
		};
/* End XCConfigurationList section */
	};
	rootObject = A5310DD91BE3AB5D00EFD56E /* Project object */;
}
